{
  "name": "hadoku-workers",
  "version": "1.0.0",
  "lockfileVersion": 3,
  "requires": true,
  "packages": {
    "": {
      "name": "hadoku-workers",
      "version": "1.0.0",
      "dependencies": {
        "hono": "^4.0.0"
      },
      "devDependencies": {
        "@cloudflare/workers-types": "^4.20241127.0"
      }
    },
    "node_modules/@cloudflare/workers-types": {
      "version": "4.20251011.0",
      "resolved": "https://registry.npmjs.org/@cloudflare/workers-types/-/workers-types-4.20251011.0.tgz",
      "integrity": "sha512-gQpih+pbq3sP4uXltUeCSbPgZxTNp2gQd8639SaIbQMwgA6oJNHLhIART1fWy6DQACngiRzDVULA2x0ohmkGTQ==",
      "dev": true,
      "license": "MIT OR Apache-2.0"
    },
    "node_modules/hono": {
      "version": "4.9.12",
      "resolved": "https://registry.npmjs.org/hono/-/hono-4.9.12.tgz",
      "integrity": "sha512-SrTC0YxqPwnN7yKa8gg/giLyQ2pILCKoideIHbYbFQlWZjYt68D2A4Ae1hehO/aDQ6RmTcpqOV/O2yBtMzx/VQ==",
      "license": "MIT",
      "engines": {
        "node": ">=16.9.0"
      }
    }
  }
}
